
Microsoft Visual Studio Solution File, Format Version 12.00
# Visual Studio Version 16
VisualStudioVersion = 16.0.30011.22
MinimumVisualStudioVersion = 10.0.40219.1
Project("{9A19103F-16F7-4668-BE54-9A1E7A4F7556}") = "Sendi", "Messenger\Sendi.csproj", "{DBEAEDAB-DFF8-4ACF-AA92-27F15AE504B2}"
EndProject
Global
	GlobalSection(SolutionConfigurationPlatforms) = preSolution
		Debug|Any CPU = Debug|Any CPU
		Release|Any CPU = Release|Any CPU
	EndGlobalSection
	GlobalSection(ProjectConfigurationPlatforms) = postSolution
		{DBEAEDAB-DFF8-4ACF-AA92-27F15AE504B2}.Debug|Any CPU.ActiveCfg = Debug|Any CPU
		{DBEAEDAB-DFF8-4ACF-AA92-27F15AE504B2}.Debug|Any CPU.Build.0 = Debug|Any CPU
		{DBEAEDAB-DFF8-4ACF-AA92-27F15AE504B2}.Release|Any CPU.ActiveCfg = Release|Any CPU
		{DBEAEDAB-DFF8-4ACF-AA92-27F15AE504B2}.Release|Any CPU.Build.0 = Release|Any CPU
	EndGlobalSection
	GlobalSection(SolutionProperties) = preSolution
		HideSolutionNode = FALSE
	EndGlobalSection
	GlobalSection(ExtensibilityGlobals) = postSolution
		SolutionGuid = {88142F80-6D57-4A31-AF6B-8D2404A5E6B3}
	EndGlobalSection
EndGlobal
